{
	"name": "npm-workspaces-monorepo",
	"version": "1.0.0",
	"lockfileVersion": 3,
	"requires": true,
	"packages": {
		"": {
			"name": "npm-workspaces-monorepo",
			"version": "1.0.0",
			"workspaces": [
				"packageA",
				"packageB"
			],
			"devDependencies": {},
			"engines": {
				"vscode": "*"
			}
		},
		"node_modules/filter-obj": {
			"version": "2.0.1",
			"resolved": "https://registry.npmjs.org/filter-obj/-/filter-obj-2.0.1.tgz",
			"integrity": "sha512-yDEp513p7+iLdFHWBVdZFnRiOYwg8ZqmpaAiZCMjzqsbo7tCS4Qm4ulXOht337NGzkukKa9u3W4wqQ9tQPm3Ug==",
			"engines": {
				"node": ">=8"
			}
		},
		"node_modules/in-array": {
			"version": "0.1.2",
			"resolved": "https://registry.npmjs.org/in-array/-/in-array-0.1.2.tgz",
			"integrity": "sha512-JY4uBfaeV/k0DKMNcBpXsQ73FyqF+W+8hooGbM8DRifgftCTcB+WStMGEJocqo6GPqeuu14w1nO+USgT78q3yw==",
			"dev": true,
			"engines": {
				"node": ">=0.10.0"
			}
		},
		"node_modules/is-number": {
			"version": "7.0.0",
			"resolved": "https://registry.npmjs.org/is-number/-/is-number-7.0.0.tgz",
			"integrity": "sha512-41Cifkg6e8TylSpdtTpeLVMqvSBEVzTttHvERD741+pnZ8ANv0004MRL43QKPDlK9cGvNp6NZWZUBlbGXYxxng==",
			"dev": true,
			"engines": {
				"node": ">=0.12.0"
			}
		},
		"node_modules/map-obj": {
			"version": "4.1.0",
			"resolved": "https://registry.npmjs.org/map-obj/-/map-obj-4.1.0.tgz",
			"integrity": "sha512-glc9y00wgtwcDmp7GaE/0b0OnxpNJsVf3ael/An6Fe2Q51LLwN1er6sdomLRzz5h0+yMpiYLhWYF5R7HeqVd4g==",
			"engines": {
				"node": ">=8"
			}
		},
		"node_modules/package-a": {
			"resolved": "packageA",
			"link": true
		},
		"node_modules/package-b": {
			"resolved": "packageB",
			"link": true
		},
		"packageA": {
			"name": "package-a",
			"version": "1.0.0",
			"dependencies": {
				"filter-obj": "2.0.1"
			},
			"devDependencies": {
				"is-number": "7.0.0"
			},
			"engines": {
				"vscode": "*"
			}
		},
		"packageB": {
			"name": "package-b",
			"version": "1.0.0",
			"dependencies": {
				"map-obj": "4.1.0",
				"package-a": "*"
			},
			"devDependencies": {
				"in-array": "0.1.2"
			},
			"engines": {
				"vscode": "*"
			}
		}
	}
}
