# THIS IS AN AUTOGENERATED FILE. DO NOT EDIT THIS FILE DIRECTLY.
# yarn lockfile v1


curry@*:
  version "1.2.0"
  resolved "https://registry.yarnpkg.com/curry/-/curry-1.2.0.tgz#9e6dd289548dba7e653d5ae3fe903fe7dfb33af2"
  integrity sha1-nm3SiVSNun5lPVrj/pA/59+zOvI=

in-array@*:
  version "0.1.2"
  resolved "https://registry.yarnpkg.com/in-array/-/in-array-0.1.2.tgz#1a2683009177ab914ade0620a35c5039851f3715"
  integrity sha1-GiaDAJF3q5FK3gYgo1xQOYUfNxU=

is-number@*:
  version "7.0.0"
  resolved "https://registry.yarnpkg.com/is-number/-/is-number-7.0.0.tgz#7535345b896734d5f80c4d06c50955527a14f12b"
  integrity sha512-41Cifkg6e8TylSpdtTpeLVMqvSBEVzTttHvERD741+pnZ8ANv0004MRL43QKPDlK9cGvNp6NZWZUBlbGXYxxng==
