# THIS IS AN AUTOGENERATED FILE. DO NOT EDIT THIS FILE DIRECTLY.
# yarn lockfile v1


curry@1.2.0:
  version "1.2.0"
  resolved "https://registry.yarnpkg.com/curry/-/curry-1.2.0.tgz#9e6dd289548dba7e653d5ae3fe903fe7dfb33af2"
  integrity sha1-nm3SiVSNun5lPVrj/pA/59+zOvI=

filter-obj@2.0.1:
  version "2.0.1"
  resolved "https://registry.yarnpkg.com/filter-obj/-/filter-obj-2.0.1.tgz#34d9f0536786f072df7aeac3a8bda1c6e767aec6"
  integrity sha512-yDEp513p7+iLdFHWBVdZFnRiOYwg8ZqmpaAiZCMjzqsbo7tCS4Qm4ulXOht337NGzkukKa9u3W4wqQ9tQPm3Ug==

in-array@0.1.2:
  version "0.1.2"
  resolved "https://registry.yarnpkg.com/in-array/-/in-array-0.1.2.tgz#1a2683009177ab914ade0620a35c5039851f3715"
  integrity sha1-GiaDAJF3q5FK3gYgo1xQOYUfNxU=

is-number@7.0.0:
  version "7.0.0"
  resolved "https://registry.yarnpkg.com/is-number/-/is-number-7.0.0.tgz#7535345b896734d5f80c4d06c50955527a14f12b"
  integrity sha512-41Cifkg6e8TylSpdtTpeLVMqvSBEVzTttHvERD741+pnZ8ANv0004MRL43QKPDlK9cGvNp6NZWZUBlbGXYxxng==

map-obj@4.1.0:
  version "4.1.0"
  resolved "https://registry.yarnpkg.com/map-obj/-/map-obj-4.1.0.tgz#b91221b542734b9f14256c0132c897c5d7256fd5"
  integrity sha512-glc9y00wgtwcDmp7GaE/0b0OnxpNJsVf3ael/An6Fe2Q51LLwN1er6sdomLRzz5h0+yMpiYLhWYF5R7HeqVd4g==
